
Microsoft Visual Studio Solution File, Format Version 12.00
# Visual Studio 2013
VisualStudioVersion = 12.0.40629.0
MinimumVisualStudioVersion = 10.0.40219.1
Project("{8BC9CEB8-8B4A-11D0-8D11-00A0C91BC942}") = "Util - Get Planar Coefficients", "Util - Get Planar Coefficients\Util - Get Planar Coefficients.vcxproj", "{B7372EE5-7981-4C8D-949D-2AE3ABE825A1}"
EndProject
Project("{8BC9CEB8-8B4A-11D0-8D11-00A0C91BC942}") = "Blob Tracking - Florimage + Kinect", "Blob Tracking - Florimage + Kinect\Blob Tracking - Florimage + Kinect.vcxproj", "{A7484F1B-8450-406E-B798-0D3A19262820}"
EndProject
Project("{8BC9CEB8-8B4A-11D0-8D11-00A0C91BC942}") = "Util - Record Video -- Floor+Kinect", "Util - Record Video -- Floor+Kinect\Util - Record Video -- Floor+Kinect.vcxproj", "{0B14DC83-6249-4E9B-8FCD-2A752793081A}"
EndProject
Project("{8BC9CEB8-8B4A-11D0-8D11-00A0C91BC942}") = "Offline Blob Tracking - Florimage + Kinect", "Offline Blob Tracking - Florimage + Kinect\Offline Blob Tracking - Florimage + Kinect.vcxproj", "{CA7B2185-E808-4823-8F72-3FD737B0464A}"
EndProject
Global
	GlobalSection(SolutionConfigurationPlatforms) = preSolution
		Debug|Win32 = Debug|Win32
		Release|Win32 = Release|Win32
	EndGlobalSection
	GlobalSection(ProjectConfigurationPlatforms) = postSolution
		{B7372EE5-7981-4C8D-949D-2AE3ABE825A1}.Debug|Win32.ActiveCfg = Debug|Win32
		{B7372EE5-7981-4C8D-949D-2AE3ABE825A1}.Debug|Win32.Build.0 = Debug|Win32
		{B7372EE5-7981-4C8D-949D-2AE3ABE825A1}.Release|Win32.ActiveCfg = Release|Win32
		{B7372EE5-7981-4C8D-949D-2AE3ABE825A1}.Release|Win32.Build.0 = Release|Win32
		{A7484F1B-8450-406E-B798-0D3A19262820}.Debug|Win32.ActiveCfg = Debug|Win32
		{A7484F1B-8450-406E-B798-0D3A19262820}.Debug|Win32.Build.0 = Debug|Win32
		{A7484F1B-8450-406E-B798-0D3A19262820}.Release|Win32.ActiveCfg = Release|Win32
		{A7484F1B-8450-406E-B798-0D3A19262820}.Release|Win32.Build.0 = Release|Win32
		{0B14DC83-6249-4E9B-8FCD-2A752793081A}.Debug|Win32.ActiveCfg = Debug|Win32
		{0B14DC83-6249-4E9B-8FCD-2A752793081A}.Debug|Win32.Build.0 = Debug|Win32
		{0B14DC83-6249-4E9B-8FCD-2A752793081A}.Release|Win32.ActiveCfg = Release|Win32
		{0B14DC83-6249-4E9B-8FCD-2A752793081A}.Release|Win32.Build.0 = Release|Win32
		{CA7B2185-E808-4823-8F72-3FD737B0464A}.Debug|Win32.ActiveCfg = Debug|Win32
		{CA7B2185-E808-4823-8F72-3FD737B0464A}.Debug|Win32.Build.0 = Debug|Win32
		{CA7B2185-E808-4823-8F72-3FD737B0464A}.Release|Win32.ActiveCfg = Release|Win32
		{CA7B2185-E808-4823-8F72-3FD737B0464A}.Release|Win32.Build.0 = Release|Win32
	EndGlobalSection
	GlobalSection(SolutionProperties) = preSolution
		HideSolutionNode = FALSE
	EndGlobalSection
EndGlobal
